
Microsoft Visual Studio Solution File, Format Version 12.00
# Visual Studio Version 17
VisualStudioVersion = 17.0.31903.59
MinimumVisualStudioVersion = 10.0.40219.1
Project("{9A19103F-16F7-4668-BE54-9A1E7A4F7556}") = "SOHome", "SOHome\SOHome.csproj", "{B8ABF79E-B586-453F-B380-654E43B769AA}"
EndProject
Project("{FAE04EC0-301F-11D3-BF4B-00C04F79EFBC}") = "SOHome.Common", "SOHome.Common\SOHome.Common.csproj", "{3D0DC7CD-CCB4-4EC6-9643-347CC46F0603}"
EndProject
Project("{FAE04EC0-301F-11D3-BF4B-00C04F79EFBC}") = "SOHome.Domain", "SOHome.Domain\SOHome.Domain.csproj", "{28F53525-CF17-4BDA-8494-0760B16E80F7}"
EndProject
Global
	GlobalSection(SolutionConfigurationPlatforms) = preSolution
		Debug|Any CPU = Debug|Any CPU
		Release|Any CPU = Release|Any CPU
	EndGlobalSection
	GlobalSection(ProjectConfigurationPlatforms) = postSolution
		{B8ABF79E-B586-453F-B380-654E43B769AA}.Debug|Any CPU.ActiveCfg = Debug|Any CPU
		{B8ABF79E-B586-453F-B380-654E43B769AA}.Debug|Any CPU.Build.0 = Debug|Any CPU
		{B8ABF79E-B586-453F-B380-654E43B769AA}.Release|Any CPU.ActiveCfg = Release|Any CPU
		{B8ABF79E-B586-453F-B380-654E43B769AA}.Release|Any CPU.Build.0 = Release|Any CPU
		{3D0DC7CD-CCB4-4EC6-9643-347CC46F0603}.Debug|Any CPU.ActiveCfg = Debug|Any CPU
		{3D0DC7CD-CCB4-4EC6-9643-347CC46F0603}.Debug|Any CPU.Build.0 = Debug|Any CPU
		{3D0DC7CD-CCB4-4EC6-9643-347CC46F0603}.Release|Any CPU.ActiveCfg = Release|Any CPU
		{3D0DC7CD-CCB4-4EC6-9643-347CC46F0603}.Release|Any CPU.Build.0 = Release|Any CPU
		{28F53525-CF17-4BDA-8494-0760B16E80F7}.Debug|Any CPU.ActiveCfg = Debug|Any CPU
		{28F53525-CF17-4BDA-8494-0760B16E80F7}.Debug|Any CPU.Build.0 = Debug|Any CPU
		{28F53525-CF17-4BDA-8494-0760B16E80F7}.Release|Any CPU.ActiveCfg = Release|Any CPU
		{28F53525-CF17-4BDA-8494-0760B16E80F7}.Release|Any CPU.Build.0 = Release|Any CPU
	EndGlobalSection
	GlobalSection(SolutionProperties) = preSolution
		HideSolutionNode = FALSE
	EndGlobalSection
	GlobalSection(ExtensibilityGlobals) = postSolution
		SolutionGuid = {7740C62B-3F52-4B88-8600-2A5853041830}
	EndGlobalSection
EndGlobal
