
Microsoft Visual Studio Solution File, Format Version 12.00
# Visual Studio Version 17
VisualStudioVersion = 17.0.31903.59
MinimumVisualStudioVersion = 10.0.40219.1
Project("{9A19103F-16F7-4668-BE54-9A1E7A4F7556}") = "SOHome.API", "SOHome.API\SOHome.API.csproj", "{B8ABF79E-B586-453F-B380-654E43B769AA}"
EndProject
Project("{9A19103F-16F7-4668-BE54-9A1E7A4F7556}") = "SOHome.Common", "SOHome.Common\SOHome.Common.csproj", "{3D0DC7CD-CCB4-4EC6-9643-347CC46F0603}"
EndProject
Project("{9A19103F-16F7-4668-BE54-9A1E7A4F7556}") = "SOHome.Domain", "SOHome.Domain\SOHome.Domain.csproj", "{28F53525-CF17-4BDA-8494-0760B16E80F7}"
EndProject
Project("{9A19103F-16F7-4668-BE54-9A1E7A4F7556}") = "SOHome.App", "SOHome.App\SOHome.App.csproj", "{7D2674BD-185B-4A6D-B3FA-061757D7DE21}"
EndProject
Global
	GlobalSection(SolutionConfigurationPlatforms) = preSolution
		Debug|Any CPU = Debug|Any CPU
		Debug|ARM = Debug|ARM
		Debug|ARM64 = Debug|ARM64
		Debug|x64 = Debug|x64
		Debug|x86 = Debug|x86
		Release|Any CPU = Release|Any CPU
		Release|ARM = Release|ARM
		Release|ARM64 = Release|ARM64
		Release|x64 = Release|x64
		Release|x86 = Release|x86
	EndGlobalSection
	GlobalSection(ProjectConfigurationPlatforms) = postSolution
		{B8ABF79E-B586-453F-B380-654E43B769AA}.Debug|Any CPU.ActiveCfg = Debug|Any CPU
		{B8ABF79E-B586-453F-B380-654E43B769AA}.Debug|Any CPU.Build.0 = Debug|Any CPU
		{B8ABF79E-B586-453F-B380-654E43B769AA}.Debug|ARM.ActiveCfg = Debug|Any CPU
		{B8ABF79E-B586-453F-B380-654E43B769AA}.Debug|ARM.Build.0 = Debug|Any CPU
		{B8ABF79E-B586-453F-B380-654E43B769AA}.Debug|ARM64.ActiveCfg = Debug|Any CPU
		{B8ABF79E-B586-453F-B380-654E43B769AA}.Debug|ARM64.Build.0 = Debug|Any CPU
		{B8ABF79E-B586-453F-B380-654E43B769AA}.Debug|x64.ActiveCfg = Debug|Any CPU
		{B8ABF79E-B586-453F-B380-654E43B769AA}.Debug|x64.Build.0 = Debug|Any CPU
		{B8ABF79E-B586-453F-B380-654E43B769AA}.Debug|x86.ActiveCfg = Debug|Any CPU
		{B8ABF79E-B586-453F-B380-654E43B769AA}.Debug|x86.Build.0 = Debug|Any CPU
		{B8ABF79E-B586-453F-B380-654E43B769AA}.Release|Any CPU.ActiveCfg = Release|Any CPU
		{B8ABF79E-B586-453F-B380-654E43B769AA}.Release|Any CPU.Build.0 = Release|Any CPU
		{B8ABF79E-B586-453F-B380-654E43B769AA}.Release|ARM.ActiveCfg = Release|Any CPU
		{B8ABF79E-B586-453F-B380-654E43B769AA}.Release|ARM.Build.0 = Release|Any CPU
		{B8ABF79E-B586-453F-B380-654E43B769AA}.Release|ARM64.ActiveCfg = Release|Any CPU
		{B8ABF79E-B586-453F-B380-654E43B769AA}.Release|ARM64.Build.0 = Release|Any CPU
		{B8ABF79E-B586-453F-B380-654E43B769AA}.Release|x64.ActiveCfg = Release|Any CPU
		{B8ABF79E-B586-453F-B380-654E43B769AA}.Release|x64.Build.0 = Release|Any CPU
		{B8ABF79E-B586-453F-B380-654E43B769AA}.Release|x86.ActiveCfg = Release|Any CPU
		{B8ABF79E-B586-453F-B380-654E43B769AA}.Release|x86.Build.0 = Release|Any CPU
		{3D0DC7CD-CCB4-4EC6-9643-347CC46F0603}.Debug|Any CPU.ActiveCfg = Debug|Any CPU
		{3D0DC7CD-CCB4-4EC6-9643-347CC46F0603}.Debug|Any CPU.Build.0 = Debug|Any CPU
		{3D0DC7CD-CCB4-4EC6-9643-347CC46F0603}.Debug|ARM.ActiveCfg = Debug|Any CPU
		{3D0DC7CD-CCB4-4EC6-9643-347CC46F0603}.Debug|ARM.Build.0 = Debug|Any CPU
		{3D0DC7CD-CCB4-4EC6-9643-347CC46F0603}.Debug|ARM64.ActiveCfg = Debug|Any CPU
		{3D0DC7CD-CCB4-4EC6-9643-347CC46F0603}.Debug|ARM64.Build.0 = Debug|Any CPU
		{3D0DC7CD-CCB4-4EC6-9643-347CC46F0603}.Debug|x64.ActiveCfg = Debug|Any CPU
		{3D0DC7CD-CCB4-4EC6-9643-347CC46F0603}.Debug|x64.Build.0 = Debug|Any CPU
		{3D0DC7CD-CCB4-4EC6-9643-347CC46F0603}.Debug|x86.ActiveCfg = Debug|Any CPU
		{3D0DC7CD-CCB4-4EC6-9643-347CC46F0603}.Debug|x86.Build.0 = Debug|Any CPU
		{3D0DC7CD-CCB4-4EC6-9643-347CC46F0603}.Release|Any CPU.ActiveCfg = Release|Any CPU
		{3D0DC7CD-CCB4-4EC6-9643-347CC46F0603}.Release|Any CPU.Build.0 = Release|Any CPU
		{3D0DC7CD-CCB4-4EC6-9643-347CC46F0603}.Release|ARM.ActiveCfg = Release|Any CPU
		{3D0DC7CD-CCB4-4EC6-9643-347CC46F0603}.Release|ARM.Build.0 = Release|Any CPU
		{3D0DC7CD-CCB4-4EC6-9643-347CC46F0603}.Release|ARM64.ActiveCfg = Release|Any CPU
		{3D0DC7CD-CCB4-4EC6-9643-347CC46F0603}.Release|ARM64.Build.0 = Release|Any CPU
		{3D0DC7CD-CCB4-4EC6-9643-347CC46F0603}.Release|x64.ActiveCfg = Release|Any CPU
		{3D0DC7CD-CCB4-4EC6-9643-347CC46F0603}.Release|x64.Build.0 = Release|Any CPU
		{3D0DC7CD-CCB4-4EC6-9643-347CC46F0603}.Release|x86.ActiveCfg = Release|Any CPU
		{3D0DC7CD-CCB4-4EC6-9643-347CC46F0603}.Release|x86.Build.0 = Release|Any CPU
		{28F53525-CF17-4BDA-8494-0760B16E80F7}.Debug|Any CPU.ActiveCfg = Debug|Any CPU
		{28F53525-CF17-4BDA-8494-0760B16E80F7}.Debug|Any CPU.Build.0 = Debug|Any CPU
		{28F53525-CF17-4BDA-8494-0760B16E80F7}.Debug|ARM.ActiveCfg = Debug|Any CPU
		{28F53525-CF17-4BDA-8494-0760B16E80F7}.Debug|ARM.Build.0 = Debug|Any CPU
		{28F53525-CF17-4BDA-8494-0760B16E80F7}.Debug|ARM64.ActiveCfg = Debug|Any CPU
		{28F53525-CF17-4BDA-8494-0760B16E80F7}.Debug|ARM64.Build.0 = Debug|Any CPU
		{28F53525-CF17-4BDA-8494-0760B16E80F7}.Debug|x64.ActiveCfg = Debug|Any CPU
		{28F53525-CF17-4BDA-8494-0760B16E80F7}.Debug|x64.Build.0 = Debug|Any CPU
		{28F53525-CF17-4BDA-8494-0760B16E80F7}.Debug|x86.ActiveCfg = Debug|Any CPU
		{28F53525-CF17-4BDA-8494-0760B16E80F7}.Debug|x86.Build.0 = Debug|Any CPU
		{28F53525-CF17-4BDA-8494-0760B16E80F7}.Release|Any CPU.ActiveCfg = Release|Any CPU
		{28F53525-CF17-4BDA-8494-0760B16E80F7}.Release|Any CPU.Build.0 = Release|Any CPU
		{28F53525-CF17-4BDA-8494-0760B16E80F7}.Release|ARM.ActiveCfg = Release|Any CPU
		{28F53525-CF17-4BDA-8494-0760B16E80F7}.Release|ARM.Build.0 = Release|Any CPU
		{28F53525-CF17-4BDA-8494-0760B16E80F7}.Release|ARM64.ActiveCfg = Release|Any CPU
		{28F53525-CF17-4BDA-8494-0760B16E80F7}.Release|ARM64.Build.0 = Release|Any CPU
		{28F53525-CF17-4BDA-8494-0760B16E80F7}.Release|x64.ActiveCfg = Release|Any CPU
		{28F53525-CF17-4BDA-8494-0760B16E80F7}.Release|x64.Build.0 = Release|Any CPU
		{28F53525-CF17-4BDA-8494-0760B16E80F7}.Release|x86.ActiveCfg = Release|Any CPU
		{28F53525-CF17-4BDA-8494-0760B16E80F7}.Release|x86.Build.0 = Release|Any CPU
		{7D2674BD-185B-4A6D-B3FA-061757D7DE21}.Debug|Any CPU.ActiveCfg = Debug|Any CPU
		{7D2674BD-185B-4A6D-B3FA-061757D7DE21}.Debug|Any CPU.Build.0 = Debug|Any CPU
		{7D2674BD-185B-4A6D-B3FA-061757D7DE21}.Debug|Any CPU.Deploy.0 = Debug|Any CPU
		{7D2674BD-185B-4A6D-B3FA-061757D7DE21}.Debug|ARM.ActiveCfg = Debug|Any CPU
		{7D2674BD-185B-4A6D-B3FA-061757D7DE21}.Debug|ARM.Build.0 = Debug|Any CPU
		{7D2674BD-185B-4A6D-B3FA-061757D7DE21}.Debug|ARM.Deploy.0 = Debug|Any CPU
		{7D2674BD-185B-4A6D-B3FA-061757D7DE21}.Debug|ARM64.ActiveCfg = Debug|Any CPU
		{7D2674BD-185B-4A6D-B3FA-061757D7DE21}.Debug|ARM64.Build.0 = Debug|Any CPU
		{7D2674BD-185B-4A6D-B3FA-061757D7DE21}.Debug|ARM64.Deploy.0 = Debug|Any CPU
		{7D2674BD-185B-4A6D-B3FA-061757D7DE21}.Debug|x64.ActiveCfg = Debug|Any CPU
		{7D2674BD-185B-4A6D-B3FA-061757D7DE21}.Debug|x64.Build.0 = Debug|Any CPU
		{7D2674BD-185B-4A6D-B3FA-061757D7DE21}.Debug|x64.Deploy.0 = Debug|Any CPU
		{7D2674BD-185B-4A6D-B3FA-061757D7DE21}.Debug|x86.ActiveCfg = Debug|Any CPU
		{7D2674BD-185B-4A6D-B3FA-061757D7DE21}.Debug|x86.Build.0 = Debug|Any CPU
		{7D2674BD-185B-4A6D-B3FA-061757D7DE21}.Debug|x86.Deploy.0 = Debug|Any CPU
		{7D2674BD-185B-4A6D-B3FA-061757D7DE21}.Release|Any CPU.ActiveCfg = Release|Any CPU
		{7D2674BD-185B-4A6D-B3FA-061757D7DE21}.Release|Any CPU.Build.0 = Release|Any CPU
		{7D2674BD-185B-4A6D-B3FA-061757D7DE21}.Release|Any CPU.Deploy.0 = Release|Any CPU
		{7D2674BD-185B-4A6D-B3FA-061757D7DE21}.Release|ARM.ActiveCfg = Release|Any CPU
		{7D2674BD-185B-4A6D-B3FA-061757D7DE21}.Release|ARM.Build.0 = Release|Any CPU
		{7D2674BD-185B-4A6D-B3FA-061757D7DE21}.Release|ARM.Deploy.0 = Release|Any CPU
		{7D2674BD-185B-4A6D-B3FA-061757D7DE21}.Release|ARM64.ActiveCfg = Release|Any CPU
		{7D2674BD-185B-4A6D-B3FA-061757D7DE21}.Release|ARM64.Build.0 = Release|Any CPU
		{7D2674BD-185B-4A6D-B3FA-061757D7DE21}.Release|ARM64.Deploy.0 = Release|Any CPU
		{7D2674BD-185B-4A6D-B3FA-061757D7DE21}.Release|x64.ActiveCfg = Release|Any CPU
		{7D2674BD-185B-4A6D-B3FA-061757D7DE21}.Release|x64.Build.0 = Release|Any CPU
		{7D2674BD-185B-4A6D-B3FA-061757D7DE21}.Release|x64.Deploy.0 = Release|Any CPU
		{7D2674BD-185B-4A6D-B3FA-061757D7DE21}.Release|x86.ActiveCfg = Release|Any CPU
		{7D2674BD-185B-4A6D-B3FA-061757D7DE21}.Release|x86.Build.0 = Release|Any CPU
		{7D2674BD-185B-4A6D-B3FA-061757D7DE21}.Release|x86.Deploy.0 = Release|Any CPU
	EndGlobalSection
	GlobalSection(SolutionProperties) = preSolution
		HideSolutionNode = FALSE
	EndGlobalSection
	GlobalSection(ExtensibilityGlobals) = postSolution
		SolutionGuid = {7740C62B-3F52-4B88-8600-2A5853041830}
	EndGlobalSection
EndGlobal
