
Microsoft Visual Studio Solution File, Format Version 12.00
# Visual Studio Version 17
VisualStudioVersion = 17.0.31903.59
MinimumVisualStudioVersion = 10.0.40219.1
Project("{9A19103F-16F7-4668-BE54-9A1E7A4F7556}") = "SOHome.API", "SOHome.API\SOHome.API.csproj", "{B8ABF79E-B586-453F-B380-654E43B769AA}"
EndProject
Project("{9A19103F-16F7-4668-BE54-9A1E7A4F7556}") = "SOHome.Common", "SOHome.Common\SOHome.Common.csproj", "{3D0DC7CD-CCB4-4EC6-9643-347CC46F0603}"
EndProject
Project("{9A19103F-16F7-4668-BE54-9A1E7A4F7556}") = "SOHome.Domain", "SOHome.Domain\SOHome.Domain.csproj", "{28F53525-CF17-4BDA-8494-0760B16E80F7}"
EndProject
Project("{9A19103F-16F7-4668-BE54-9A1E7A4F7556}") = "SOHome.Web", "SOHome.Web\SOHome.Web.csproj", "{B0DA6BD1-1952-4BE1-81AD-3048BDD938B3}"
EndProject
Project("{9A19103F-16F7-4668-BE54-9A1E7A4F7556}") = "SOHome.App", "SOHome.App\SOHome.App.csproj", "{7D2674BD-185B-4A6D-B3FA-061757D7DE21}"
EndProject
Project("{D954291E-2A0B-460D-934E-DC6B0785DB48}") = "SOHome.UnoApp.Shared", "SOHome.UnoApp\SOHome.UnoApp.Shared\SOHome.UnoApp.Shared.shproj", "{6279C845-92F8-4333-AB99-3D213163593C}"
EndProject
Project("{2150E333-8FDC-42A3-9474-1A3956D46DE8}") = "Platforms", "Platforms", "{D62295D1-624A-4886-A729-6BA8DE8DC5A7}"
EndProject
Project("{FAE04EC0-301F-11D3-BF4B-00C04F79EFBC}") = "SOHome.UnoApp.Mobile", "SOHome.UnoApp\SOHome.UnoApp.Mobile\SOHome.UnoApp.Mobile.csproj", "{09B4BE1E-F837-4596-A35B-F84255ACF2EC}"
EndProject
Project("{FAE04EC0-301F-11D3-BF4B-00C04F79EFBC}") = "SOHome.UnoApp.UWP", "SOHome.UnoApp\SOHome.UnoApp.UWP\SOHome.UnoApp.UWP.csproj", "{DE696A1E-B5D3-4615-9536-E81D5F109A10}"
EndProject
Project("{FAE04EC0-301F-11D3-BF4B-00C04F79EFBC}") = "SOHome.UnoApp.Wasm", "SOHome.UnoApp\SOHome.UnoApp.Wasm\SOHome.UnoApp.Wasm.csproj", "{C324958B-F6A0-4EEC-B447-92ABB5608ED1}"
EndProject
Project("{FAE04EC0-301F-11D3-BF4B-00C04F79EFBC}") = "SOHome.UnoApp.Skia.Wpf.Host", "SOHome.UnoApp\SOHome.UnoApp.Skia.Wpf.Host\SOHome.UnoApp.Skia.Wpf.Host.csproj", "{A1A35719-48F8-4142-96A3-143A25E1820B}"
EndProject
Project("{FAE04EC0-301F-11D3-BF4B-00C04F79EFBC}") = "SOHome.UnoApp.Skia.Wpf", "SOHome.UnoApp\SOHome.UnoApp.Skia.Wpf\SOHome.UnoApp.Skia.Wpf.csproj", "{67DDB760-85ED-44A5-A0BA-106109B960F1}"
EndProject
Project("{FAE04EC0-301F-11D3-BF4B-00C04F79EFBC}") = "SOHome.UnoApp.Skia.Gtk", "SOHome.UnoApp\SOHome.UnoApp.Skia.Gtk\SOHome.UnoApp.Skia.Gtk.csproj", "{16F587B6-4E09-4605-9F50-2CA32BBE5683}"
EndProject
Global
	GlobalSection(SharedMSBuildProjectFiles) = preSolution
		SOHome.UnoApp\SOHome.UnoApp.Shared\SOHome.UnoApp.Shared.projitems*{09b4be1e-f837-4596-a35b-f84255acf2ec}*SharedItemsImports = 5
		SOHome.UnoApp\SOHome.UnoApp.Shared\SOHome.UnoApp.Shared.projitems*{16f587b6-4e09-4605-9f50-2ca32bbe5683}*SharedItemsImports = 5
		SOHome.UnoApp\SOHome.UnoApp.Shared\SOHome.UnoApp.Shared.projitems*{6279c845-92f8-4333-ab99-3d213163593c}*SharedItemsImports = 13
		SOHome.UnoApp\SOHome.UnoApp.Shared\SOHome.UnoApp.Shared.projitems*{67ddb760-85ed-44a5-a0ba-106109b960f1}*SharedItemsImports = 5
		SOHome.UnoApp\SOHome.UnoApp.Shared\SOHome.UnoApp.Shared.projitems*{c324958b-f6a0-4eec-b447-92abb5608ed1}*SharedItemsImports = 5
		SOHome.UnoApp\SOHome.UnoApp.Shared\SOHome.UnoApp.Shared.projitems*{de696a1e-b5d3-4615-9536-e81d5f109a10}*SharedItemsImports = 4
	EndGlobalSection
	GlobalSection(SolutionConfigurationPlatforms) = preSolution
		Debug|Any CPU = Debug|Any CPU
		Debug|ARM = Debug|ARM
		Debug|ARM64 = Debug|ARM64
		Debug|x64 = Debug|x64
		Debug|x86 = Debug|x86
		Release|Any CPU = Release|Any CPU
		Release|ARM = Release|ARM
		Release|ARM64 = Release|ARM64
		Release|x64 = Release|x64
		Release|x86 = Release|x86
	EndGlobalSection
	GlobalSection(ProjectConfigurationPlatforms) = postSolution
		{B8ABF79E-B586-453F-B380-654E43B769AA}.Debug|Any CPU.ActiveCfg = Debug|Any CPU
		{B8ABF79E-B586-453F-B380-654E43B769AA}.Debug|Any CPU.Build.0 = Debug|Any CPU
		{B8ABF79E-B586-453F-B380-654E43B769AA}.Debug|ARM.ActiveCfg = Debug|Any CPU
		{B8ABF79E-B586-453F-B380-654E43B769AA}.Debug|ARM.Build.0 = Debug|Any CPU
		{B8ABF79E-B586-453F-B380-654E43B769AA}.Debug|ARM64.ActiveCfg = Debug|Any CPU
		{B8ABF79E-B586-453F-B380-654E43B769AA}.Debug|ARM64.Build.0 = Debug|Any CPU
		{B8ABF79E-B586-453F-B380-654E43B769AA}.Debug|x64.ActiveCfg = Debug|Any CPU
		{B8ABF79E-B586-453F-B380-654E43B769AA}.Debug|x64.Build.0 = Debug|Any CPU
		{B8ABF79E-B586-453F-B380-654E43B769AA}.Debug|x86.ActiveCfg = Debug|Any CPU
		{B8ABF79E-B586-453F-B380-654E43B769AA}.Debug|x86.Build.0 = Debug|Any CPU
		{B8ABF79E-B586-453F-B380-654E43B769AA}.Release|Any CPU.ActiveCfg = Release|Any CPU
		{B8ABF79E-B586-453F-B380-654E43B769AA}.Release|Any CPU.Build.0 = Release|Any CPU
		{B8ABF79E-B586-453F-B380-654E43B769AA}.Release|ARM.ActiveCfg = Release|Any CPU
		{B8ABF79E-B586-453F-B380-654E43B769AA}.Release|ARM.Build.0 = Release|Any CPU
		{B8ABF79E-B586-453F-B380-654E43B769AA}.Release|ARM64.ActiveCfg = Release|Any CPU
		{B8ABF79E-B586-453F-B380-654E43B769AA}.Release|ARM64.Build.0 = Release|Any CPU
		{B8ABF79E-B586-453F-B380-654E43B769AA}.Release|x64.ActiveCfg = Release|Any CPU
		{B8ABF79E-B586-453F-B380-654E43B769AA}.Release|x64.Build.0 = Release|Any CPU
		{B8ABF79E-B586-453F-B380-654E43B769AA}.Release|x86.ActiveCfg = Release|Any CPU
		{B8ABF79E-B586-453F-B380-654E43B769AA}.Release|x86.Build.0 = Release|Any CPU
		{3D0DC7CD-CCB4-4EC6-9643-347CC46F0603}.Debug|Any CPU.ActiveCfg = Debug|Any CPU
		{3D0DC7CD-CCB4-4EC6-9643-347CC46F0603}.Debug|Any CPU.Build.0 = Debug|Any CPU
		{3D0DC7CD-CCB4-4EC6-9643-347CC46F0603}.Debug|ARM.ActiveCfg = Debug|Any CPU
		{3D0DC7CD-CCB4-4EC6-9643-347CC46F0603}.Debug|ARM.Build.0 = Debug|Any CPU
		{3D0DC7CD-CCB4-4EC6-9643-347CC46F0603}.Debug|ARM64.ActiveCfg = Debug|Any CPU
		{3D0DC7CD-CCB4-4EC6-9643-347CC46F0603}.Debug|ARM64.Build.0 = Debug|Any CPU
		{3D0DC7CD-CCB4-4EC6-9643-347CC46F0603}.Debug|x64.ActiveCfg = Debug|Any CPU
		{3D0DC7CD-CCB4-4EC6-9643-347CC46F0603}.Debug|x64.Build.0 = Debug|Any CPU
		{3D0DC7CD-CCB4-4EC6-9643-347CC46F0603}.Debug|x86.ActiveCfg = Debug|Any CPU
		{3D0DC7CD-CCB4-4EC6-9643-347CC46F0603}.Debug|x86.Build.0 = Debug|Any CPU
		{3D0DC7CD-CCB4-4EC6-9643-347CC46F0603}.Release|Any CPU.ActiveCfg = Release|Any CPU
		{3D0DC7CD-CCB4-4EC6-9643-347CC46F0603}.Release|Any CPU.Build.0 = Release|Any CPU
		{3D0DC7CD-CCB4-4EC6-9643-347CC46F0603}.Release|ARM.ActiveCfg = Release|Any CPU
		{3D0DC7CD-CCB4-4EC6-9643-347CC46F0603}.Release|ARM.Build.0 = Release|Any CPU
		{3D0DC7CD-CCB4-4EC6-9643-347CC46F0603}.Release|ARM64.ActiveCfg = Release|Any CPU
		{3D0DC7CD-CCB4-4EC6-9643-347CC46F0603}.Release|ARM64.Build.0 = Release|Any CPU
		{3D0DC7CD-CCB4-4EC6-9643-347CC46F0603}.Release|x64.ActiveCfg = Release|Any CPU
		{3D0DC7CD-CCB4-4EC6-9643-347CC46F0603}.Release|x64.Build.0 = Release|Any CPU
		{3D0DC7CD-CCB4-4EC6-9643-347CC46F0603}.Release|x86.ActiveCfg = Release|Any CPU
		{3D0DC7CD-CCB4-4EC6-9643-347CC46F0603}.Release|x86.Build.0 = Release|Any CPU
		{28F53525-CF17-4BDA-8494-0760B16E80F7}.Debug|Any CPU.ActiveCfg = Debug|Any CPU
		{28F53525-CF17-4BDA-8494-0760B16E80F7}.Debug|Any CPU.Build.0 = Debug|Any CPU
		{28F53525-CF17-4BDA-8494-0760B16E80F7}.Debug|ARM.ActiveCfg = Debug|Any CPU
		{28F53525-CF17-4BDA-8494-0760B16E80F7}.Debug|ARM.Build.0 = Debug|Any CPU
		{28F53525-CF17-4BDA-8494-0760B16E80F7}.Debug|ARM64.ActiveCfg = Debug|Any CPU
		{28F53525-CF17-4BDA-8494-0760B16E80F7}.Debug|ARM64.Build.0 = Debug|Any CPU
		{28F53525-CF17-4BDA-8494-0760B16E80F7}.Debug|x64.ActiveCfg = Debug|Any CPU
		{28F53525-CF17-4BDA-8494-0760B16E80F7}.Debug|x64.Build.0 = Debug|Any CPU
		{28F53525-CF17-4BDA-8494-0760B16E80F7}.Debug|x86.ActiveCfg = Debug|Any CPU
		{28F53525-CF17-4BDA-8494-0760B16E80F7}.Debug|x86.Build.0 = Debug|Any CPU
		{28F53525-CF17-4BDA-8494-0760B16E80F7}.Release|Any CPU.ActiveCfg = Release|Any CPU
		{28F53525-CF17-4BDA-8494-0760B16E80F7}.Release|Any CPU.Build.0 = Release|Any CPU
		{28F53525-CF17-4BDA-8494-0760B16E80F7}.Release|ARM.ActiveCfg = Release|Any CPU
		{28F53525-CF17-4BDA-8494-0760B16E80F7}.Release|ARM.Build.0 = Release|Any CPU
		{28F53525-CF17-4BDA-8494-0760B16E80F7}.Release|ARM64.ActiveCfg = Release|Any CPU
		{28F53525-CF17-4BDA-8494-0760B16E80F7}.Release|ARM64.Build.0 = Release|Any CPU
		{28F53525-CF17-4BDA-8494-0760B16E80F7}.Release|x64.ActiveCfg = Release|Any CPU
		{28F53525-CF17-4BDA-8494-0760B16E80F7}.Release|x64.Build.0 = Release|Any CPU
		{28F53525-CF17-4BDA-8494-0760B16E80F7}.Release|x86.ActiveCfg = Release|Any CPU
		{28F53525-CF17-4BDA-8494-0760B16E80F7}.Release|x86.Build.0 = Release|Any CPU
		{B0DA6BD1-1952-4BE1-81AD-3048BDD938B3}.Debug|Any CPU.ActiveCfg = Debug|Any CPU
		{B0DA6BD1-1952-4BE1-81AD-3048BDD938B3}.Debug|Any CPU.Build.0 = Debug|Any CPU
		{B0DA6BD1-1952-4BE1-81AD-3048BDD938B3}.Debug|Any CPU.Deploy.0 = Debug|Any CPU
		{B0DA6BD1-1952-4BE1-81AD-3048BDD938B3}.Debug|ARM.ActiveCfg = Debug|Any CPU
		{B0DA6BD1-1952-4BE1-81AD-3048BDD938B3}.Debug|ARM.Build.0 = Debug|Any CPU
		{B0DA6BD1-1952-4BE1-81AD-3048BDD938B3}.Debug|ARM.Deploy.0 = Debug|Any CPU
		{B0DA6BD1-1952-4BE1-81AD-3048BDD938B3}.Debug|ARM64.ActiveCfg = Debug|Any CPU
		{B0DA6BD1-1952-4BE1-81AD-3048BDD938B3}.Debug|ARM64.Build.0 = Debug|Any CPU
		{B0DA6BD1-1952-4BE1-81AD-3048BDD938B3}.Debug|ARM64.Deploy.0 = Debug|Any CPU
		{B0DA6BD1-1952-4BE1-81AD-3048BDD938B3}.Debug|x64.ActiveCfg = Debug|Any CPU
		{B0DA6BD1-1952-4BE1-81AD-3048BDD938B3}.Debug|x64.Build.0 = Debug|Any CPU
		{B0DA6BD1-1952-4BE1-81AD-3048BDD938B3}.Debug|x64.Deploy.0 = Debug|Any CPU
		{B0DA6BD1-1952-4BE1-81AD-3048BDD938B3}.Debug|x86.ActiveCfg = Debug|Any CPU
		{B0DA6BD1-1952-4BE1-81AD-3048BDD938B3}.Debug|x86.Build.0 = Debug|Any CPU
		{B0DA6BD1-1952-4BE1-81AD-3048BDD938B3}.Debug|x86.Deploy.0 = Debug|Any CPU
		{B0DA6BD1-1952-4BE1-81AD-3048BDD938B3}.Release|Any CPU.ActiveCfg = Release|Any CPU
		{B0DA6BD1-1952-4BE1-81AD-3048BDD938B3}.Release|Any CPU.Build.0 = Release|Any CPU
		{B0DA6BD1-1952-4BE1-81AD-3048BDD938B3}.Release|ARM.ActiveCfg = Release|Any CPU
		{B0DA6BD1-1952-4BE1-81AD-3048BDD938B3}.Release|ARM.Build.0 = Release|Any CPU
		{B0DA6BD1-1952-4BE1-81AD-3048BDD938B3}.Release|ARM.Deploy.0 = Release|Any CPU
		{B0DA6BD1-1952-4BE1-81AD-3048BDD938B3}.Release|ARM64.ActiveCfg = Release|Any CPU
		{B0DA6BD1-1952-4BE1-81AD-3048BDD938B3}.Release|ARM64.Build.0 = Release|Any CPU
		{B0DA6BD1-1952-4BE1-81AD-3048BDD938B3}.Release|ARM64.Deploy.0 = Release|Any CPU
		{B0DA6BD1-1952-4BE1-81AD-3048BDD938B3}.Release|x64.ActiveCfg = Release|Any CPU
		{B0DA6BD1-1952-4BE1-81AD-3048BDD938B3}.Release|x64.Build.0 = Release|Any CPU
		{B0DA6BD1-1952-4BE1-81AD-3048BDD938B3}.Release|x64.Deploy.0 = Release|Any CPU
		{B0DA6BD1-1952-4BE1-81AD-3048BDD938B3}.Release|x86.ActiveCfg = Release|Any CPU
		{B0DA6BD1-1952-4BE1-81AD-3048BDD938B3}.Release|x86.Build.0 = Release|Any CPU
		{B0DA6BD1-1952-4BE1-81AD-3048BDD938B3}.Release|x86.Deploy.0 = Release|Any CPU
		{7D2674BD-185B-4A6D-B3FA-061757D7DE21}.Debug|Any CPU.ActiveCfg = Debug|Any CPU
		{7D2674BD-185B-4A6D-B3FA-061757D7DE21}.Debug|Any CPU.Build.0 = Debug|Any CPU
		{7D2674BD-185B-4A6D-B3FA-061757D7DE21}.Debug|Any CPU.Deploy.0 = Debug|Any CPU
		{7D2674BD-185B-4A6D-B3FA-061757D7DE21}.Debug|ARM.ActiveCfg = Debug|Any CPU
		{7D2674BD-185B-4A6D-B3FA-061757D7DE21}.Debug|ARM.Build.0 = Debug|Any CPU
		{7D2674BD-185B-4A6D-B3FA-061757D7DE21}.Debug|ARM.Deploy.0 = Debug|Any CPU
		{7D2674BD-185B-4A6D-B3FA-061757D7DE21}.Debug|ARM64.ActiveCfg = Debug|Any CPU
		{7D2674BD-185B-4A6D-B3FA-061757D7DE21}.Debug|ARM64.Build.0 = Debug|Any CPU
		{7D2674BD-185B-4A6D-B3FA-061757D7DE21}.Debug|ARM64.Deploy.0 = Debug|Any CPU
		{7D2674BD-185B-4A6D-B3FA-061757D7DE21}.Debug|x64.ActiveCfg = Debug|Any CPU
		{7D2674BD-185B-4A6D-B3FA-061757D7DE21}.Debug|x64.Build.0 = Debug|Any CPU
		{7D2674BD-185B-4A6D-B3FA-061757D7DE21}.Debug|x64.Deploy.0 = Debug|Any CPU
		{7D2674BD-185B-4A6D-B3FA-061757D7DE21}.Debug|x86.ActiveCfg = Debug|Any CPU
		{7D2674BD-185B-4A6D-B3FA-061757D7DE21}.Debug|x86.Build.0 = Debug|Any CPU
		{7D2674BD-185B-4A6D-B3FA-061757D7DE21}.Debug|x86.Deploy.0 = Debug|Any CPU
		{7D2674BD-185B-4A6D-B3FA-061757D7DE21}.Release|Any CPU.ActiveCfg = Release|Any CPU
		{7D2674BD-185B-4A6D-B3FA-061757D7DE21}.Release|Any CPU.Build.0 = Release|Any CPU
		{7D2674BD-185B-4A6D-B3FA-061757D7DE21}.Release|Any CPU.Deploy.0 = Release|Any CPU
		{7D2674BD-185B-4A6D-B3FA-061757D7DE21}.Release|ARM.ActiveCfg = Release|Any CPU
		{7D2674BD-185B-4A6D-B3FA-061757D7DE21}.Release|ARM.Build.0 = Release|Any CPU
		{7D2674BD-185B-4A6D-B3FA-061757D7DE21}.Release|ARM.Deploy.0 = Release|Any CPU
		{7D2674BD-185B-4A6D-B3FA-061757D7DE21}.Release|ARM64.ActiveCfg = Release|Any CPU
		{7D2674BD-185B-4A6D-B3FA-061757D7DE21}.Release|ARM64.Build.0 = Release|Any CPU
		{7D2674BD-185B-4A6D-B3FA-061757D7DE21}.Release|ARM64.Deploy.0 = Release|Any CPU
		{7D2674BD-185B-4A6D-B3FA-061757D7DE21}.Release|x64.ActiveCfg = Release|Any CPU
		{7D2674BD-185B-4A6D-B3FA-061757D7DE21}.Release|x64.Build.0 = Release|Any CPU
		{7D2674BD-185B-4A6D-B3FA-061757D7DE21}.Release|x64.Deploy.0 = Release|Any CPU
		{7D2674BD-185B-4A6D-B3FA-061757D7DE21}.Release|x86.ActiveCfg = Release|Any CPU
		{7D2674BD-185B-4A6D-B3FA-061757D7DE21}.Release|x86.Build.0 = Release|Any CPU
		{7D2674BD-185B-4A6D-B3FA-061757D7DE21}.Release|x86.Deploy.0 = Release|Any CPU
		{09B4BE1E-F837-4596-A35B-F84255ACF2EC}.Debug|Any CPU.ActiveCfg = Debug|Any CPU
		{09B4BE1E-F837-4596-A35B-F84255ACF2EC}.Debug|Any CPU.Build.0 = Debug|Any CPU
		{09B4BE1E-F837-4596-A35B-F84255ACF2EC}.Debug|Any CPU.Deploy.0 = Debug|Any CPU
		{09B4BE1E-F837-4596-A35B-F84255ACF2EC}.Debug|ARM.ActiveCfg = Debug|Any CPU
		{09B4BE1E-F837-4596-A35B-F84255ACF2EC}.Debug|ARM.Build.0 = Debug|Any CPU
		{09B4BE1E-F837-4596-A35B-F84255ACF2EC}.Debug|ARM.Deploy.0 = Debug|Any CPU
		{09B4BE1E-F837-4596-A35B-F84255ACF2EC}.Debug|ARM64.ActiveCfg = Debug|Any CPU
		{09B4BE1E-F837-4596-A35B-F84255ACF2EC}.Debug|ARM64.Build.0 = Debug|Any CPU
		{09B4BE1E-F837-4596-A35B-F84255ACF2EC}.Debug|ARM64.Deploy.0 = Debug|Any CPU
		{09B4BE1E-F837-4596-A35B-F84255ACF2EC}.Debug|x64.ActiveCfg = Debug|Any CPU
		{09B4BE1E-F837-4596-A35B-F84255ACF2EC}.Debug|x64.Build.0 = Debug|Any CPU
		{09B4BE1E-F837-4596-A35B-F84255ACF2EC}.Debug|x64.Deploy.0 = Debug|Any CPU
		{09B4BE1E-F837-4596-A35B-F84255ACF2EC}.Debug|x86.ActiveCfg = Debug|Any CPU
		{09B4BE1E-F837-4596-A35B-F84255ACF2EC}.Debug|x86.Build.0 = Debug|Any CPU
		{09B4BE1E-F837-4596-A35B-F84255ACF2EC}.Debug|x86.Deploy.0 = Debug|Any CPU
		{09B4BE1E-F837-4596-A35B-F84255ACF2EC}.Release|Any CPU.ActiveCfg = Release|Any CPU
		{09B4BE1E-F837-4596-A35B-F84255ACF2EC}.Release|Any CPU.Build.0 = Release|Any CPU
		{09B4BE1E-F837-4596-A35B-F84255ACF2EC}.Release|Any CPU.Deploy.0 = Release|Any CPU
		{09B4BE1E-F837-4596-A35B-F84255ACF2EC}.Release|ARM.ActiveCfg = Release|Any CPU
		{09B4BE1E-F837-4596-A35B-F84255ACF2EC}.Release|ARM.Build.0 = Release|Any CPU
		{09B4BE1E-F837-4596-A35B-F84255ACF2EC}.Release|ARM.Deploy.0 = Release|Any CPU
		{09B4BE1E-F837-4596-A35B-F84255ACF2EC}.Release|ARM64.ActiveCfg = Release|Any CPU
		{09B4BE1E-F837-4596-A35B-F84255ACF2EC}.Release|ARM64.Build.0 = Release|Any CPU
		{09B4BE1E-F837-4596-A35B-F84255ACF2EC}.Release|ARM64.Deploy.0 = Release|Any CPU
		{09B4BE1E-F837-4596-A35B-F84255ACF2EC}.Release|x64.ActiveCfg = Release|Any CPU
		{09B4BE1E-F837-4596-A35B-F84255ACF2EC}.Release|x64.Build.0 = Release|Any CPU
		{09B4BE1E-F837-4596-A35B-F84255ACF2EC}.Release|x64.Deploy.0 = Release|Any CPU
		{09B4BE1E-F837-4596-A35B-F84255ACF2EC}.Release|x86.ActiveCfg = Release|Any CPU
		{09B4BE1E-F837-4596-A35B-F84255ACF2EC}.Release|x86.Build.0 = Release|Any CPU
		{09B4BE1E-F837-4596-A35B-F84255ACF2EC}.Release|x86.Deploy.0 = Release|Any CPU
		{DE696A1E-B5D3-4615-9536-E81D5F109A10}.Debug|Any CPU.ActiveCfg = Debug|x64
		{DE696A1E-B5D3-4615-9536-E81D5F109A10}.Debug|Any CPU.Build.0 = Debug|x64
		{DE696A1E-B5D3-4615-9536-E81D5F109A10}.Debug|Any CPU.Deploy.0 = Debug|x64
		{DE696A1E-B5D3-4615-9536-E81D5F109A10}.Debug|ARM.ActiveCfg = Debug|ARM
		{DE696A1E-B5D3-4615-9536-E81D5F109A10}.Debug|ARM.Build.0 = Debug|ARM
		{DE696A1E-B5D3-4615-9536-E81D5F109A10}.Debug|ARM.Deploy.0 = Debug|ARM
		{DE696A1E-B5D3-4615-9536-E81D5F109A10}.Debug|ARM64.ActiveCfg = Debug|ARM64
		{DE696A1E-B5D3-4615-9536-E81D5F109A10}.Debug|ARM64.Build.0 = Debug|ARM64
		{DE696A1E-B5D3-4615-9536-E81D5F109A10}.Debug|ARM64.Deploy.0 = Debug|ARM64
		{DE696A1E-B5D3-4615-9536-E81D5F109A10}.Debug|x64.ActiveCfg = Debug|x64
		{DE696A1E-B5D3-4615-9536-E81D5F109A10}.Debug|x64.Build.0 = Debug|x64
		{DE696A1E-B5D3-4615-9536-E81D5F109A10}.Debug|x64.Deploy.0 = Debug|x64
		{DE696A1E-B5D3-4615-9536-E81D5F109A10}.Debug|x86.ActiveCfg = Debug|x86
		{DE696A1E-B5D3-4615-9536-E81D5F109A10}.Debug|x86.Build.0 = Debug|x86
		{DE696A1E-B5D3-4615-9536-E81D5F109A10}.Debug|x86.Deploy.0 = Debug|x86
		{DE696A1E-B5D3-4615-9536-E81D5F109A10}.Release|Any CPU.ActiveCfg = Release|x64
		{DE696A1E-B5D3-4615-9536-E81D5F109A10}.Release|Any CPU.Build.0 = Release|x64
		{DE696A1E-B5D3-4615-9536-E81D5F109A10}.Release|Any CPU.Deploy.0 = Release|x64
		{DE696A1E-B5D3-4615-9536-E81D5F109A10}.Release|ARM.ActiveCfg = Release|ARM
		{DE696A1E-B5D3-4615-9536-E81D5F109A10}.Release|ARM.Build.0 = Release|ARM
		{DE696A1E-B5D3-4615-9536-E81D5F109A10}.Release|ARM.Deploy.0 = Release|ARM
		{DE696A1E-B5D3-4615-9536-E81D5F109A10}.Release|ARM64.ActiveCfg = Release|ARM64
		{DE696A1E-B5D3-4615-9536-E81D5F109A10}.Release|ARM64.Build.0 = Release|ARM64
		{DE696A1E-B5D3-4615-9536-E81D5F109A10}.Release|ARM64.Deploy.0 = Release|ARM64
		{DE696A1E-B5D3-4615-9536-E81D5F109A10}.Release|x64.ActiveCfg = Release|x64
		{DE696A1E-B5D3-4615-9536-E81D5F109A10}.Release|x64.Build.0 = Release|x64
		{DE696A1E-B5D3-4615-9536-E81D5F109A10}.Release|x64.Deploy.0 = Release|x64
		{DE696A1E-B5D3-4615-9536-E81D5F109A10}.Release|x86.ActiveCfg = Release|x86
		{DE696A1E-B5D3-4615-9536-E81D5F109A10}.Release|x86.Build.0 = Release|x86
		{DE696A1E-B5D3-4615-9536-E81D5F109A10}.Release|x86.Deploy.0 = Release|x86
		{C324958B-F6A0-4EEC-B447-92ABB5608ED1}.Debug|Any CPU.ActiveCfg = Debug|Any CPU
		{C324958B-F6A0-4EEC-B447-92ABB5608ED1}.Debug|Any CPU.Build.0 = Debug|Any CPU
		{C324958B-F6A0-4EEC-B447-92ABB5608ED1}.Debug|ARM.ActiveCfg = Debug|Any CPU
		{C324958B-F6A0-4EEC-B447-92ABB5608ED1}.Debug|ARM.Build.0 = Debug|Any CPU
		{C324958B-F6A0-4EEC-B447-92ABB5608ED1}.Debug|ARM64.ActiveCfg = Debug|Any CPU
		{C324958B-F6A0-4EEC-B447-92ABB5608ED1}.Debug|ARM64.Build.0 = Debug|Any CPU
		{C324958B-F6A0-4EEC-B447-92ABB5608ED1}.Debug|x64.ActiveCfg = Debug|Any CPU
		{C324958B-F6A0-4EEC-B447-92ABB5608ED1}.Debug|x64.Build.0 = Debug|Any CPU
		{C324958B-F6A0-4EEC-B447-92ABB5608ED1}.Debug|x86.ActiveCfg = Debug|Any CPU
		{C324958B-F6A0-4EEC-B447-92ABB5608ED1}.Debug|x86.Build.0 = Debug|Any CPU
		{C324958B-F6A0-4EEC-B447-92ABB5608ED1}.Release|Any CPU.ActiveCfg = Release|Any CPU
		{C324958B-F6A0-4EEC-B447-92ABB5608ED1}.Release|Any CPU.Build.0 = Release|Any CPU
		{C324958B-F6A0-4EEC-B447-92ABB5608ED1}.Release|ARM.ActiveCfg = Release|Any CPU
		{C324958B-F6A0-4EEC-B447-92ABB5608ED1}.Release|ARM.Build.0 = Release|Any CPU
		{C324958B-F6A0-4EEC-B447-92ABB5608ED1}.Release|ARM64.ActiveCfg = Release|Any CPU
		{C324958B-F6A0-4EEC-B447-92ABB5608ED1}.Release|ARM64.Build.0 = Release|Any CPU
		{C324958B-F6A0-4EEC-B447-92ABB5608ED1}.Release|x64.ActiveCfg = Release|Any CPU
		{C324958B-F6A0-4EEC-B447-92ABB5608ED1}.Release|x64.Build.0 = Release|Any CPU
		{C324958B-F6A0-4EEC-B447-92ABB5608ED1}.Release|x86.ActiveCfg = Release|Any CPU
		{C324958B-F6A0-4EEC-B447-92ABB5608ED1}.Release|x86.Build.0 = Release|Any CPU
		{A1A35719-48F8-4142-96A3-143A25E1820B}.Debug|Any CPU.ActiveCfg = Debug|Any CPU
		{A1A35719-48F8-4142-96A3-143A25E1820B}.Debug|Any CPU.Build.0 = Debug|Any CPU
		{A1A35719-48F8-4142-96A3-143A25E1820B}.Debug|ARM.ActiveCfg = Debug|Any CPU
		{A1A35719-48F8-4142-96A3-143A25E1820B}.Debug|ARM.Build.0 = Debug|Any CPU
		{A1A35719-48F8-4142-96A3-143A25E1820B}.Debug|ARM64.ActiveCfg = Debug|Any CPU
		{A1A35719-48F8-4142-96A3-143A25E1820B}.Debug|ARM64.Build.0 = Debug|Any CPU
		{A1A35719-48F8-4142-96A3-143A25E1820B}.Debug|x64.ActiveCfg = Debug|Any CPU
		{A1A35719-48F8-4142-96A3-143A25E1820B}.Debug|x64.Build.0 = Debug|Any CPU
		{A1A35719-48F8-4142-96A3-143A25E1820B}.Debug|x86.ActiveCfg = Debug|Any CPU
		{A1A35719-48F8-4142-96A3-143A25E1820B}.Debug|x86.Build.0 = Debug|Any CPU
		{A1A35719-48F8-4142-96A3-143A25E1820B}.Release|Any CPU.ActiveCfg = Release|Any CPU
		{A1A35719-48F8-4142-96A3-143A25E1820B}.Release|Any CPU.Build.0 = Release|Any CPU
		{A1A35719-48F8-4142-96A3-143A25E1820B}.Release|ARM.ActiveCfg = Release|Any CPU
		{A1A35719-48F8-4142-96A3-143A25E1820B}.Release|ARM.Build.0 = Release|Any CPU
		{A1A35719-48F8-4142-96A3-143A25E1820B}.Release|ARM64.ActiveCfg = Release|Any CPU
		{A1A35719-48F8-4142-96A3-143A25E1820B}.Release|ARM64.Build.0 = Release|Any CPU
		{A1A35719-48F8-4142-96A3-143A25E1820B}.Release|x64.ActiveCfg = Release|Any CPU
		{A1A35719-48F8-4142-96A3-143A25E1820B}.Release|x64.Build.0 = Release|Any CPU
		{A1A35719-48F8-4142-96A3-143A25E1820B}.Release|x86.ActiveCfg = Release|Any CPU
		{A1A35719-48F8-4142-96A3-143A25E1820B}.Release|x86.Build.0 = Release|Any CPU
		{67DDB760-85ED-44A5-A0BA-106109B960F1}.Debug|Any CPU.ActiveCfg = Debug|Any CPU
		{67DDB760-85ED-44A5-A0BA-106109B960F1}.Debug|Any CPU.Build.0 = Debug|Any CPU
		{67DDB760-85ED-44A5-A0BA-106109B960F1}.Debug|ARM.ActiveCfg = Debug|Any CPU
		{67DDB760-85ED-44A5-A0BA-106109B960F1}.Debug|ARM.Build.0 = Debug|Any CPU
		{67DDB760-85ED-44A5-A0BA-106109B960F1}.Debug|ARM64.ActiveCfg = Debug|Any CPU
		{67DDB760-85ED-44A5-A0BA-106109B960F1}.Debug|ARM64.Build.0 = Debug|Any CPU
		{67DDB760-85ED-44A5-A0BA-106109B960F1}.Debug|x64.ActiveCfg = Debug|Any CPU
		{67DDB760-85ED-44A5-A0BA-106109B960F1}.Debug|x64.Build.0 = Debug|Any CPU
		{67DDB760-85ED-44A5-A0BA-106109B960F1}.Debug|x86.ActiveCfg = Debug|Any CPU
		{67DDB760-85ED-44A5-A0BA-106109B960F1}.Debug|x86.Build.0 = Debug|Any CPU
		{67DDB760-85ED-44A5-A0BA-106109B960F1}.Release|Any CPU.ActiveCfg = Release|Any CPU
		{67DDB760-85ED-44A5-A0BA-106109B960F1}.Release|Any CPU.Build.0 = Release|Any CPU
		{67DDB760-85ED-44A5-A0BA-106109B960F1}.Release|ARM.ActiveCfg = Release|Any CPU
		{67DDB760-85ED-44A5-A0BA-106109B960F1}.Release|ARM.Build.0 = Release|Any CPU
		{67DDB760-85ED-44A5-A0BA-106109B960F1}.Release|ARM64.ActiveCfg = Release|Any CPU
		{67DDB760-85ED-44A5-A0BA-106109B960F1}.Release|ARM64.Build.0 = Release|Any CPU
		{67DDB760-85ED-44A5-A0BA-106109B960F1}.Release|x64.ActiveCfg = Release|Any CPU
		{67DDB760-85ED-44A5-A0BA-106109B960F1}.Release|x64.Build.0 = Release|Any CPU
		{67DDB760-85ED-44A5-A0BA-106109B960F1}.Release|x86.ActiveCfg = Release|Any CPU
		{67DDB760-85ED-44A5-A0BA-106109B960F1}.Release|x86.Build.0 = Release|Any CPU
		{16F587B6-4E09-4605-9F50-2CA32BBE5683}.Debug|Any CPU.ActiveCfg = Debug|Any CPU
		{16F587B6-4E09-4605-9F50-2CA32BBE5683}.Debug|Any CPU.Build.0 = Debug|Any CPU
		{16F587B6-4E09-4605-9F50-2CA32BBE5683}.Debug|ARM.ActiveCfg = Debug|Any CPU
		{16F587B6-4E09-4605-9F50-2CA32BBE5683}.Debug|ARM.Build.0 = Debug|Any CPU
		{16F587B6-4E09-4605-9F50-2CA32BBE5683}.Debug|ARM64.ActiveCfg = Debug|Any CPU
		{16F587B6-4E09-4605-9F50-2CA32BBE5683}.Debug|ARM64.Build.0 = Debug|Any CPU
		{16F587B6-4E09-4605-9F50-2CA32BBE5683}.Debug|x64.ActiveCfg = Debug|Any CPU
		{16F587B6-4E09-4605-9F50-2CA32BBE5683}.Debug|x64.Build.0 = Debug|Any CPU
		{16F587B6-4E09-4605-9F50-2CA32BBE5683}.Debug|x86.ActiveCfg = Debug|Any CPU
		{16F587B6-4E09-4605-9F50-2CA32BBE5683}.Debug|x86.Build.0 = Debug|Any CPU
		{16F587B6-4E09-4605-9F50-2CA32BBE5683}.Release|Any CPU.ActiveCfg = Release|Any CPU
		{16F587B6-4E09-4605-9F50-2CA32BBE5683}.Release|Any CPU.Build.0 = Release|Any CPU
		{16F587B6-4E09-4605-9F50-2CA32BBE5683}.Release|ARM.ActiveCfg = Release|Any CPU
		{16F587B6-4E09-4605-9F50-2CA32BBE5683}.Release|ARM.Build.0 = Release|Any CPU
		{16F587B6-4E09-4605-9F50-2CA32BBE5683}.Release|ARM64.ActiveCfg = Release|Any CPU
		{16F587B6-4E09-4605-9F50-2CA32BBE5683}.Release|ARM64.Build.0 = Release|Any CPU
		{16F587B6-4E09-4605-9F50-2CA32BBE5683}.Release|x64.ActiveCfg = Release|Any CPU
		{16F587B6-4E09-4605-9F50-2CA32BBE5683}.Release|x64.Build.0 = Release|Any CPU
		{16F587B6-4E09-4605-9F50-2CA32BBE5683}.Release|x86.ActiveCfg = Release|Any CPU
		{16F587B6-4E09-4605-9F50-2CA32BBE5683}.Release|x86.Build.0 = Release|Any CPU
	EndGlobalSection
	GlobalSection(SolutionProperties) = preSolution
		HideSolutionNode = FALSE
	EndGlobalSection
	GlobalSection(NestedProjects) = preSolution
		{09B4BE1E-F837-4596-A35B-F84255ACF2EC} = {D62295D1-624A-4886-A729-6BA8DE8DC5A7}
		{DE696A1E-B5D3-4615-9536-E81D5F109A10} = {D62295D1-624A-4886-A729-6BA8DE8DC5A7}
		{C324958B-F6A0-4EEC-B447-92ABB5608ED1} = {D62295D1-624A-4886-A729-6BA8DE8DC5A7}
		{A1A35719-48F8-4142-96A3-143A25E1820B} = {D62295D1-624A-4886-A729-6BA8DE8DC5A7}
		{67DDB760-85ED-44A5-A0BA-106109B960F1} = {D62295D1-624A-4886-A729-6BA8DE8DC5A7}
		{16F587B6-4E09-4605-9F50-2CA32BBE5683} = {D62295D1-624A-4886-A729-6BA8DE8DC5A7}
	EndGlobalSection
	GlobalSection(ExtensibilityGlobals) = postSolution
		SolutionGuid = {7740C62B-3F52-4B88-8600-2A5853041830}
	EndGlobalSection
EndGlobal
